{
  "originHash" : "07fb0c4cb5c05672bf781717f530c69cf19a42d4723f2eabcf413d60b49026c7",
  "pins" : [
    {
      "identity" : "semanticversion",
      "kind" : "remoteSourceControl",
      "location" : "https://github.com/SwiftPackageIndex/SemanticVersion",
      "state" : {
        "revision" : "330bab3e41aad91fb3b1b0f779d1325738e54b93",
        "version" : "0.5.3"
      }
    },
    {
      "identity" : "swift-argument-parser",
      "kind" : "remoteSourceControl",
      "location" : "https://github.com/apple/swift-argument-parser",
      "state" : {
        "revision" : "c5d11a805e765f52ba34ec7284bd4fcd6ba68615",
        "version" : "1.7.0"
      }
    },
    {
      "identity" : "swift-asn1",
      "kind" : "remoteSourceControl",
      "location" : "https://github.com/apple/swift-asn1.git",
      "state" : {
        "revision" : "a9a5efd40eaf558a2bcd48d64b1d1646be686008",
        "version" : "1.7.1"
      }
    },
    {
      "identity" : "swift-async-algorithms",
      "kind" : "remoteSourceControl",
      "location" : "https://github.com/apple/swift-async-algorithms.git",
      "state" : {
        "revision" : "3da39bbc4e687d4192af7c9cf4eab805745a0b9c",
        "version" : "1.1.5"
      }
    },
    {
      "identity" : "swift-collections",
      "kind" : "remoteSourceControl",
      "location" : "https://github.com/apple/swift-collections",
      "state" : {
        "revision" : "a0cb0954ecb21e4e31b0070e6ed5674e8556685a",
        "version" : "1.6.0"
      }
    },
    {
      "identity" : "swift-crypto",
      "kind" : "remoteSourceControl",
      "location" : "https://github.com/apple/swift-crypto.git",
      "state" : {
        "revision" : "95ba0316a9b733e92bb6b071255ff46263bbe7dc",
        "version" : "3.15.1"
      }
    },
    {
      "identity" : "swift-issue-reporting",
      "kind" : "remoteSourceControl",
      "location" : "https://github.com/pointfreeco/swift-issue-reporting",
      "state" : {
        "revision" : "d6adc8bc81e8ba37d3ecd094b78450853738a89f",
        "version" : "2.0.0"
      }
    },
    {
      "identity" : "swift-subprocess",
      "kind" : "remoteSourceControl",
      "location" : "https://github.com/swiftlang/swift-subprocess",
      "state" : {
        "revision" : "40243d063b41485e17501ccb9d434006bdf837a5",
        "version" : "1.0.0-beta.1"
      }
    },
    {
      "identity" : "swift-syntax",
      "kind" : "remoteSourceControl",
      "location" : "https://github.com/swiftlang/swift-syntax.git",
      "state" : {
        "revision" : "4799286537280063c85a32f09884cfbca301b1a1",
        "version" : "602.0.0"
      }
    },
    {
      "identity" : "swift-system",
      "kind" : "remoteSourceControl",
      "location" : "https://github.com/apple/swift-system",
      "state" : {
        "revision" : "395a77f0aa927f0ff73941d7ac35f2b46d47c9db",
        "version" : "1.6.3"
      }
    },
    {
      "identity" : "swift-tools-support-core",
      "kind" : "remoteSourceControl",
      "location" : "https://github.com/apple/swift-tools-support-core.git",
      "state" : {
        "revision" : "e8fbc8b05a155f311b862178d92d043afb216fe3",
        "version" : "0.7.3"
      }
    },
    {
      "identity" : "wrkstrm-foundation",
      "kind" : "remoteSourceControl",
      "location" : "https://github.com/wrkstrm/wrkstrm-foundation.git",
      "state" : {
        "revision" : "bef19f2905b2047e1856d86969913e5be26afb38",
        "version" : "3.0.7"
      }
    },
    {
      "identity" : "wrkstrm-main",
      "kind" : "remoteSourceControl",
      "location" : "https://github.com/wrkstrm/wrkstrm-main.git",
      "state" : {
        "revision" : "9a7c83c10d439eeb22c643cde50e826d33152d3b",
        "version" : "3.0.4"
      }
    },
    {
      "identity" : "wrkstrm-performance",
      "kind" : "remoteSourceControl",
      "location" : "https://github.com/wrkstrm/wrkstrm-performance.git",
      "state" : {
        "revision" : "24c237de5139a0673a75ad5816b174ead1069c3d",
        "version" : "0.1.2"
      }
    },
    {
      "identity" : "yams",
      "kind" : "remoteSourceControl",
      "location" : "https://github.com/jpsim/Yams",
      "state" : {
        "revision" : "3d6871d5b4a5cd519adf233fbb576e0a2af71c17",
        "version" : "5.4.0"
      }
    }
  ],
  "version" : 3
}